{
  "originHash" : "c37ae0f7f3518db2d2851f1d654d53a0ab68ac4d501b348e23b297e327290a1c",
  "pins" : [
    {
      "identity" : "pythonkit",
      "kind" : "remoteSourceControl",
      "location" : "https://github.com/pvieito/PythonKit.git",
      "state" : {
        "branch" : "master",
        "revision" : "41dd1e76bb31661f59efbc1784e8f60ccc32a9d5"
      }
    }
  ],
  "version" : 3
}
